// !$*UTF8*$!
{
	archiveVersion = 1;
	classes = {
	};
	objectVersion = 56;
	objects = {

/* Begin PBXBuildFile section */
		839EDA653060BEFA00069AB0 /* main.swift in Sources */ = {isa = PBXBuildFile; fileRef = 839EDA643060BEFA00069AB0 /* main.swift */; };
		839EDA6E3060C02C00069AB0 /* ejercicio1.swift in Sources */ = {isa = PBXBuildFile; fileRef = 839EDA6D3060C02C00069AB0 /* ejercicio1.swift */; };
		839EDA703060C04B00069AB0 /* ejercicio2.swift in Sources */ = {isa = PBXBuildFile; fileRef = 839EDA6F3060C04B00069AB0 /* ejercicio2.swift */; };
		839EDA723060C06E00069AB0 /* ejercicio3.swift in Sources */ = {isa = PBXBuildFile; fileRef = 839EDA713060C06E00069AB0 /* ejercicio3.swift */; };
		839EDA743060C08A00069AB0 /* ejercicio4.swift in Sources */ = {isa = PBXBuildFile; fileRef = 839EDA733060C08A00069AB0 /* ejercicio4.swift */; };
		839EDA763060C0A000069AB0 /* ejercicio5.swift in Sources */ = {isa = PBXBuildFile; fileRef = 839EDA753060C0A000069AB0 /* ejercicio5.swift */; };
		839EDA783060C0B700069AB0 /* ejercicio6.swift in Sources */ = {isa = PBXBuildFile; fileRef = 839EDA773060C0B700069AB0 /* ejercicio6.swift */; };
		839EDA7A3060C0DD00069AB0 /* ejercicio7.swift in Sources */ = {isa = PBXBuildFile; fileRef = 839EDA793060C0DD00069AB0 /* ejercicio7.swift */; };
		839EDA7C3060C0F400069AB0 /* ejercicio8.swift in Sources */ = {isa = PBXBuildFile; fileRef = 839EDA7B3060C0F400069AB0 /* ejercicio8.swift */; };
		839EDA7E3060C11E00069AB0 /* ejercicio9.swift in Sources */ = {isa = PBXBuildFile; fileRef = 839EDA7D3060C11E00069AB0 /* ejercicio9.swift */; };
/* End PBXBuildFile section */

/* Begin PBXCopyFilesBuildPhase section */
		839EDA5F3060BEFA00069AB0 /* CopyFiles */ = {
			isa = PBXCopyFilesBuildPhase;
			buildActionMask = 2147483647;
			dstPath = /usr/share/man/man1/;
			dstSubfolderSpec = 0;
			files = (
			);
			runOnlyForDeploymentPostprocessing = 1;
		};
/* End PBXCopyFilesBuildPhase section */

/* Begin PBXFileReference section */
		839EDA613060BEFA00069AB0 /* EjerciciosCLI */ = {isa = PBXFileReference; explicitFileType = "compiled.mach-o.executable"; includeInIndex = 0; path = EjerciciosCLI; sourceTree = BUILT_PRODUCTS_DIR; };
		839EDA643060BEFA00069AB0 /* main.swift */ = {isa = PBXFileReference; lastKnownFileType = sourcecode.swift; path = main.swift; sourceTree = "<group>"; };
		839EDA6D3060C02C00069AB0 /* ejercicio1.swift */ = {isa = PBXFileReference; lastKnownFileType = sourcecode.swift; path = ejercicio1.swift; sourceTree = "<group>"; };
		839EDA6F3060C04B00069AB0 /* ejercicio2.swift */ = {isa = PBXFileReference; lastKnownFileType = sourcecode.swift; path = ejercicio2.swift; sourceTree = "<group>"; };
		839EDA713060C06E00069AB0 /* ejercicio3.swift */ = {isa = PBXFileReference; lastKnownFileType = sourcecode.swift; path = ejercicio3.swift; sourceTree = "<group>"; };
		839EDA733060C08A00069AB0 /* ejercicio4.swift */ = {isa = PBXFileReference; lastKnownFileType = sourcecode.swift; path = ejercicio4.swift; sourceTree = "<group>"; };
		839EDA753060C0A000069AB0 /* ejercicio5.swift */ = {isa = PBXFileReference; lastKnownFileType = sourcecode.swift; path = ejercicio5.swift; sourceTree = "<group>"; };
		839EDA773060C0B700069AB0 /* ejercicio6.swift */ = {isa = PBXFileReference; lastKnownFileType = sourcecode.swift; path = ejercicio6.swift; sourceTree = "<group>"; };
		839EDA793060C0DD00069AB0 /* ejercicio7.swift */ = {isa = PBXFileReference; lastKnownFileType = sourcecode.swift; path = ejercicio7.swift; sourceTree = "<group>"; };
		839EDA7B3060C0F400069AB0 /* ejercicio8.swift */ = {isa = PBXFileReference; lastKnownFileType = sourcecode.swift; path = ejercicio8.swift; sourceTree = "<group>"; };
		839EDA7D3060C11E00069AB0 /* ejercicio9.swift */ = {isa = PBXFileReference; lastKnownFileType = sourcecode.swift; path = ejercicio9.swift; sourceTree = "<group>"; };
/* End PBXFileReference section */

/* Begin PBXFrameworksBuildPhase section */
		839EDA5E3060BEFA00069AB0 /* Frameworks */ = {
			isa = PBXFrameworksBuildPhase;
			buildActionMask = 2147483647;
			files = (
			);
			runOnlyForDeploymentPostprocessing = 0;
		};
/* End PBXFrameworksBuildPhase section */

/* Begin PBXGroup section */
		839EDA583060BEFA00069AB0 = {
			isa = PBXGroup;
			children = (
				839EDA633060BEFA00069AB0 /* EjerciciosCLI */,
				839EDA623060BEFA00069AB0 /* Products */,
			);
			sourceTree = "<group>";
		};
		839EDA623060BEFA00069AB0 /* Products */ = {
			isa = PBXGroup;
			children = (
				839EDA613060BEFA00069AB0 /* EjerciciosCLI */,
			);
			name = Products;
			sourceTree = "<group>";
		};
		839EDA633060BEFA00069AB0 /* EjerciciosCLI */ = {
			isa = PBXGroup;
			children = (
				839EDA643060BEFA00069AB0 /* main.swift */,
				839EDA6D3060C02C00069AB0 /* ejercicio1.swift */,
				839EDA6F3060C04B00069AB0 /* ejercicio2.swift */,
				839EDA713060C06E00069AB0 /* ejercicio3.swift */,
				839EDA733060C08A00069AB0 /* ejercicio4.swift */,
				839EDA753060C0A000069AB0 /* ejercicio5.swift */,
				839EDA773060C0B700069AB0 /* ejercicio6.swift */,
				839EDA793060C0DD00069AB0 /* ejercicio7.swift */,
				839EDA7B3060C0F400069AB0 /* ejercicio8.swift */,
				839EDA7D3060C11E00069AB0 /* ejercicio9.swift */,
			);
			path = EjerciciosCLI;
			sourceTree = "<group>";
		};
/* End PBXGroup section */

/* Begin PBXNativeTarget section */
		839EDA603060BEFA00069AB0 /* EjerciciosCLI */ = {
			isa = PBXNativeTarget;
			buildConfigurationList = 839EDA683060BEFA00069AB0 /* Build configuration list for PBXNativeTarget "EjerciciosCLI" */;
			buildPhases = (
				839EDA5D3060BEFA00069AB0 /* Sources */,
				839EDA5E3060BEFA00069AB0 /* Frameworks */,
				839EDA5F3060BEFA00069AB0 /* CopyFiles */,
			);
			buildRules = (
			);
			dependencies = (
			);
			name = EjerciciosCLI;
			productName = EjerciciosCLI;
			productReference = 839EDA613060BEFA00069AB0 /* EjerciciosCLI */;
			productType = "com.apple.product-type.tool";
		};
/* End PBXNativeTarget section */

/* Begin PBXProject section */
		839EDA593060BEFA00069AB0 /* Project object */ = {
			isa = PBXProject;
			attributes = {
				BuildIndependentTargetsInParallel = 1;
				LastSwiftUpdateCheck = 1420;
				LastUpgradeCheck = 1420;
				TargetAttributes = {
					839EDA603060BEFA00069AB0 = {
						CreatedOnToolsVersion = 14.2;
					};
				};
			};
			buildConfigurationList = 839EDA5C3060BEFA00069AB0 /* Build configuration list for PBXProject "EjerciciosCLI" */;
			compatibilityVersion = "Xcode 14.0";
			developmentRegion = en;
			hasScannedForEncodings = 0;
			knownRegions = (
				en,
				Base,
			);
			mainGroup = 839EDA583060BEFA00069AB0;
			productRefGroup = 839EDA623060BEFA00069AB0 /* Products */;
			projectDirPath = "";
			projectRoot = "";
			targets = (
				839EDA603060BEFA00069AB0 /* EjerciciosCLI */,
			);
		};
/* End PBXProject section */

/* Begin PBXSourcesBuildPhase section */
		839EDA5D3060BEFA00069AB0 /* Sources */ = {
			isa = PBXSourcesBuildPhase;
			buildActionMask = 2147483647;
			files = (
				839EDA7C3060C0F400069AB0 /* ejercicio8.swift in Sources */,
				839EDA7E3060C11E00069AB0 /* ejercicio9.swift in Sources */,
				839EDA703060C04B00069AB0 /* ejercicio2.swift in Sources */,
				839EDA743060C08A00069AB0 /* ejercicio4.swift in Sources */,
				839EDA653060BEFA00069AB0 /* main.swift in Sources */,
				839EDA763060C0A000069AB0 /* ejercicio5.swift in Sources */,
				839EDA6E3060C02C00069AB0 /* ejercicio1.swift in Sources */,
				839EDA783060C0B700069AB0 /* ejercicio6.swift in Sources */,
				839EDA723060C06E00069AB0 /* ejercicio3.swift in Sources */,
				839EDA7A3060C0DD00069AB0 /* ejercicio7.swift in Sources */,
			);
			runOnlyForDeploymentPostprocessing = 0;
		};
/* End PBXSourcesBuildPhase section */

/* Begin XCBuildConfiguration section */
		839EDA663060BEFA00069AB0 /* Debug */ = {
			isa = XCBuildConfiguration;
			buildSettings = {
				ALWAYS_SEARCH_USER_PATHS = NO;
				CLANG_ANALYZER_NONNULL = YES;
				CLANG_ANALYZER_NUMBER_OBJECT_CONVERSION = YES_AGGRESSIVE;
				CLANG_CXX_LANGUAGE_STANDARD = "gnu++20";
				CLANG_ENABLE_MODULES = YES;
				CLANG_ENABLE_OBJC_ARC = YES;
				CLANG_ENABLE_OBJC_WEAK = YES;
				CLANG_WARN_BLOCK_CAPTURE_AUTORELEASING = YES;
				CLANG_WARN_BOOL_CONVERSION = YES;
				CLANG_WARN_COMMA = YES;
				CLANG_WARN_CONSTANT_CONVERSION = YES;
				CLANG_WARN_DEPRECATED_OBJC_IMPLEMENTATIONS = YES;
				CLANG_WARN_DIRECT_OBJC_ISA_USAGE = YES_ERROR;
				CLANG_WARN_DOCUMENTATION_COMMENTS = YES;
				CLANG_WARN_EMPTY_BODY = YES;
				CLANG_WARN_ENUM_CONVERSION = YES;
				CLANG_WARN_INFINITE_RECURSION = YES;
				CLANG_WARN_INT_CONVERSION = YES;
				CLANG_WARN_NON_LITERAL_NULL_CONVERSION = YES;
				CLANG_WARN_OBJC_IMPLICIT_RETAIN_SELF = YES;
				CLANG_WARN_OBJC_LITERAL_CONVERSION = YES;
				CLANG_WARN_OBJC_ROOT_CLASS = YES_ERROR;
				CLANG_WARN_QUOTED_INCLUDE_IN_FRAMEWORK_HEADER = YES;
				CLANG_WARN_RANGE_LOOP_ANALYSIS = YES;
				CLANG_WARN_STRICT_PROTOTYPES = YES;
				CLANG_WARN_SUSPICIOUS_MOVE = YES;
				CLANG_WARN_UNGUARDED_AVAILABILITY = YES_AGGRESSIVE;
				CLANG_WARN_UNREACHABLE_CODE = YES;
				CLANG_WARN__DUPLICATE_METHOD_MATCH = YES;
				COPY_PHASE_STRIP = NO;
				DEBUG_INFORMATION_FORMAT = dwarf;
				ENABLE_STRICT_OBJC_MSGSEND = YES;
				ENABLE_TESTABILITY = YES;
				GCC_C_LANGUAGE_STANDARD = gnu11;
				GCC_DYNAMIC_NO_PIC = NO;
				GCC_NO_COMMON_BLOCKS = YES;
				GCC_OPTIMIZATION_LEVEL = 0;
				GCC_PREPROCESSOR_DEFINITIONS = (
					"DEBUG=1",
					"$(inherited)",
				);
				GCC_WARN_64_TO_32_BIT_CONVERSION = YES;
				GCC_WARN_ABOUT_RETURN_TYPE = YES_ERROR;
				GCC_WARN_UNDECLARED_SELECTOR = YES;
				GCC_WARN_UNINITIALIZED_AUTOS = YES_AGGRESSIVE;
				GCC_WARN_UNUSED_FUNCTION = YES;
				GCC_WARN_UNUSED_VARIABLE = YES;
				MACOSX_DEPLOYMENT_TARGET = 13.0;
				MTL_ENABLE_DEBUG_INFO = INCLUDE_SOURCE;
				MTL_FAST_MATH = YES;
				ONLY_ACTIVE_ARCH = YES;
				SDKROOT = macosx;
				SWIFT_ACTIVE_COMPILATION_CONDITIONS = DEBUG;
				SWIFT_OPTIMIZATION_LEVEL = "-Onone";
			};
			name = Debug;
		};
		839EDA673060BEFA00069AB0 /* Release */ = {
			isa = XCBuildConfiguration;
			buildSettings = {
				ALWAYS_SEARCH_USER_PATHS = NO;
				CLANG_ANALYZER_NONNULL = YES;
				CLANG_ANALYZER_NUMBER_OBJECT_CONVERSION = YES_AGGRESSIVE;
				CLANG_CXX_LANGUAGE_STANDARD = "gnu++20";
				CLANG_ENABLE_MODULES = YES;
				CLANG_ENABLE_OBJC_ARC = YES;
				CLANG_ENABLE_OBJC_WEAK = YES;
				CLANG_WARN_BLOCK_CAPTURE_AUTORELEASING = YES;
				CLANG_WARN_BOOL_CONVERSION = YES;
				CLANG_WARN_COMMA = YES;
				CLANG_WARN_CONSTANT_CONVERSION = YES;
				CLANG_WARN_DEPRECATED_OBJC_IMPLEMENTATIONS = YES;
				CLANG_WARN_DIRECT_OBJC_ISA_USAGE = YES_ERROR;
				CLANG_WARN_DOCUMENTATION_COMMENTS = YES;
				CLANG_WARN_EMPTY_BODY = YES;
				CLANG_WARN_ENUM_CONVERSION = YES;
				CLANG_WARN_INFINITE_RECURSION = YES;
				CLANG_WARN_INT_CONVERSION = YES;
				CLANG_WARN_NON_LITERAL_NULL_CONVERSION = YES;
				CLANG_WARN_OBJC_IMPLICIT_RETAIN_SELF = YES;
				CLANG_WARN_OBJC_LITERAL_CONVERSION = YES;
				CLANG_WARN_OBJC_ROOT_CLASS = YES_ERROR;
				CLANG_WARN_QUOTED_INCLUDE_IN_FRAMEWORK_HEADER = YES;
				CLANG_WARN_RANGE_LOOP_ANALYSIS = YES;
				CLANG_WARN_STRICT_PROTOTYPES = YES;
				CLANG_WARN_SUSPICIOUS_MOVE = YES;
				CLANG_WARN_UNGUARDED_AVAILABILITY = YES_AGGRESSIVE;
				CLANG_WARN_UNREACHABLE_CODE = YES;
				CLANG_WARN__DUPLICATE_METHOD_MATCH = YES;
				COPY_PHASE_STRIP = NO;
				DEBUG_INFORMATION_FORMAT = "dwarf-with-dsym";
				ENABLE_NS_ASSERTIONS = NO;
				ENABLE_STRICT_OBJC_MSGSEND = YES;
				GCC_C_LANGUAGE_STANDARD = gnu11;
				GCC_NO_COMMON_BLOCKS = YES;
				GCC_WARN_64_TO_32_BIT_CONVERSION = YES;
				GCC_WARN_ABOUT_RETURN_TYPE = YES_ERROR;
				GCC_WARN_UNDECLARED_SELECTOR = YES;
				GCC_WARN_UNINITIALIZED_AUTOS = YES_AGGRESSIVE;
				GCC_WARN_UNUSED_FUNCTION = YES;
				GCC_WARN_UNUSED_VARIABLE = YES;
				MACOSX_DEPLOYMENT_TARGET = 13.0;
				MTL_ENABLE_DEBUG_INFO = NO;
				MTL_FAST_MATH = YES;
				SDKROOT = macosx;
				SWIFT_COMPILATION_MODE = wholemodule;
				SWIFT_OPTIMIZATION_LEVEL = "-O";
			};
			name = Release;
		};
		839EDA693060BEFA00069AB0 /* Debug */ = {
			isa = XCBuildConfiguration;
			buildSettings = {
				CODE_SIGN_STYLE = Automatic;
				PRODUCT_NAME = "$(TARGET_NAME)";
				SWIFT_VERSION = 5.0;
			};
			name = Debug;
		};
		839EDA6A3060BEFA00069AB0 /* Release */ = {
			isa = XCBuildConfiguration;
			buildSettings = {
				CODE_SIGN_STYLE = Automatic;
				PRODUCT_NAME = "$(TARGET_NAME)";
				SWIFT_VERSION = 5.0;
			};
			name = Release;
		};
/* End XCBuildConfiguration section */

/* Begin XCConfigurationList section */
		839EDA5C3060BEFA00069AB0 /* Build configuration list for PBXProject "EjerciciosCLI" */ = {
			isa = XCConfigurationList;
			buildConfigurations = (
				839EDA663060BEFA00069AB0 /* Debug */,
				839EDA673060BEFA00069AB0 /* Release */,
			);
			defaultConfigurationIsVisible = 0;
			defaultConfigurationName = Release;
		};
		839EDA683060BEFA00069AB0 /* Build configuration list for PBXNativeTarget "EjerciciosCLI" */ = {
			isa = XCConfigurationList;
			buildConfigurations = (
				839EDA693060BEFA00069AB0 /* Debug */,
				839EDA6A3060BEFA00069AB0 /* Release */,
			);
			defaultConfigurationIsVisible = 0;
			defaultConfigurationName = Release;
		};
/* End XCConfigurationList section */
	};
	rootObject = 839EDA593060BEFA00069AB0 /* Project object */;
}
